<?xml version="1.0" encoding="utf-8"?>
<Project ToolsVersion="4.0" xmlns="http://schemas.microsoft.com/developer/msbuild/2003">
  <ItemGroup>
    <Filter Include="Source Files">
      <UniqueIdentifier>{4FC737F1-C7A5-4376-A066-2A32D752A2FF}</UniqueIdentifier>
      <Extensions>cpp;c;cc;cxx;def;odl;idl;hpj;bat;asm;asmx</Extensions>
    </Filter>
    <Filter Include="Header Files">
      <UniqueIdentifier>{93995380-89BD-4b04-88EB-625FBE52EBFB}</UniqueIdentifier>
      <Extensions>h;hh;hpp;hxx;hm;inl;inc;xsd</Extensions>
    </Filter>
    <Filter Include="Resource Files">
      <UniqueIdentifier>{67DA6AB6-F800-4c08-8B7A-83BB121AAD01}</UniqueIdentifier>
      <Extensions>rc;ico;cur;bmp;dlg;rc2;rct;bin;rgs;gif;jpg;jpeg;jpe;resx;tiff;tif;png;wav;mfcribbon-ms</Extensions>
    </Filter>
  </ItemGroup>
  <ItemGroup>
    <ClInclude Include="Controller.h">
      <Filter>Header Files</Filter>
    </ClInclude>
    <ClInclude Include="Rock.h">
      <Filter>Header Files</Filter>
    </ClInclude>
    <ClInclude Include="Astroid.h">
      <Filter>Header Files</Filter>
    </ClInclude>
    <ClInclude Include="Astronaut.h">
      <Filter>Header Files</Filter>
    </ClInclude>
    <ClInclude Include="Alien.h">
      <Filter>Header Files</Filter>
    </ClInclude>
    <ClInclude Include="Fruit.h">
      <Filter>Header Files</Filter>
    </ClInclude>
    <ClInclude Include="Bomb.h">
      <Filter>Header Files</Filter>
    </ClInclude>
    <ClInclude Include="Tree.h">
      <Filter>Header Files</Filter>
    </ClInclude>
    <ClInclude Include="Menu.h">
      <Filter>Header Files</Filter>
    </ClInclude>
    <ClInclude Include="TextBox.h">
      <Filter>Header Files</Filter>
    </ClInclude>
    <ClInclude Include="InfoBar.h">
      <Filter>Header Files</Filter>
    </ClInclude>
    <ClInclude Include="GameObject.h">
      <Filter>Header Files</Filter>
    </ClInclude>
    <ClInclude Include="Animation.h">
      <Filter>Header Files</Filter>
    </ClInclude>
    <ClInclude Include="MovableObject.h">
      <Filter>Header Files</Filter>
    </ClInclude>
    <ClInclude Include="StaticObject.h">
      <Filter>Header Files</Filter>
    </ClInclude>
    <ClInclude Include="Utilities.h">
      <Filter>Header Files</Filter>
    </ClInclude>
    <ClInclude Include="RemovableObj.h">
      <Filter>Header Files</Filter>
    </ClInclude>
    <ClInclude Include="Shot.h">
      <Filter>Header Files</Filter>
    </ClInclude>
    <ClInclude Include="GameManage.h">
      <Filter>Header Files</Filter>
    </ClInclude>
    <ClInclude Include="MyExeption.h">
      <Filter>Header Files</Filter>
    </ClInclude>
    <ClInclude Include="ProcessInterface.h">
      <Filter>Header Files</Filter>
    </ClInclude>
    <ClInclude Include="ExploableObj.h">
      <Filter>Header Files</Filter>
    </ClInclude>
    <ClInclude Include="ViewStation.h">
      <Filter>Header Files</Filter>
    </ClInclude>
    <ClInclude Include="PlaySound.h">
      <Filter>Header Files</Filter>
    </ClInclude>
    <ClInclude Include="SpaceShip.h">
      <Filter>Header Files</Filter>
    </ClInclude>
    <ClInclude Include="Factory.h">
      <Filter>Header Files</Filter>
    </ClInclude>
    <ClInclude Include="Background.h">
      <Filter>Header Files</Filter>
    </ClInclude>
    <ClInclude Include="Spark.h">
      <Filter>Header Files</Filter>
    </ClInclude>
    <ClInclude Include="ManageTrais.h">
      <Filter>Header Files</Filter>
    </ClInclude>
    <ClInclude Include="Fog.h">
      <Filter>Header Files</Filter>
    </ClInclude>
    <ClInclude Include="RelativelyMovingObj.h">
      <Filter>Header Files</Filter>
    </ClInclude>
    <ClInclude Include="resource.h">
      <Filter>Header Files</Filter>
    </ClInclude>
  </ItemGroup>
  <ItemGroup>
    <ClCompile Include="Controller.cpp">
      <Filter>Source Files</Filter>
    </ClCompile>
    <ClCompile Include="Rock.cpp">
      <Filter>Source Files</Filter>
    </ClCompile>
    <ClCompile Include="Astroid.cpp">
      <Filter>Source Files</Filter>
    </ClCompile>
    <ClCompile Include="Astronaut.cpp">
      <Filter>Source Files</Filter>
    </ClCompile>
    <ClCompile Include="Alien.cpp">
      <Filter>Source Files</Filter>
    </ClCompile>
    <ClCompile Include="Fruit.cpp">
      <Filter>Source Files</Filter>
    </ClCompile>
    <ClCompile Include="Bomb.cpp">
      <Filter>Source Files</Filter>
    </ClCompile>
    <ClCompile Include="Tree.cpp">
      <Filter>Source Files</Filter>
    </ClCompile>
    <ClCompile Include="Menu.cpp">
      <Filter>Source Files</Filter>
    </ClCompile>
    <ClCompile Include="TextBox.cpp">
      <Filter>Source Files</Filter>
    </ClCompile>
    <ClCompile Include="InfoBar.cpp">
      <Filter>Source Files</Filter>
    </ClCompile>
    <ClCompile Include="GameObject.cpp">
      <Filter>Source Files</Filter>
    </ClCompile>
    <ClCompile Include="Animation.cpp">
      <Filter>Source Files</Filter>
    </ClCompile>
    <ClCompile Include="MovableObject.cpp">
      <Filter>Source Files</Filter>
    </ClCompile>
    <ClCompile Include="StaticObject.cpp">
      <Filter>Source Files</Filter>
    </ClCompile>
    <ClCompile Include="RemovableObj.cpp">
      <Filter>Source Files</Filter>
    </ClCompile>
    <ClCompile Include="Shot.cpp">
      <Filter>Source Files</Filter>
    </ClCompile>
    <ClCompile Include="GameManage.cpp">
      <Filter>Source Files</Filter>
    </ClCompile>
    <ClCompile Include="MyExeption.cpp">
      <Filter>Source Files</Filter>
    </ClCompile>
    <ClCompile Include="Source.cpp">
      <Filter>Source Files</Filter>
    </ClCompile>
    <ClCompile Include="ProcessInterface.cpp">
      <Filter>Source Files</Filter>
    </ClCompile>
    <ClCompile Include="ExploableObj.cpp">
      <Filter>Source Files</Filter>
    </ClCompile>
    <ClCompile Include="ViewStation.cpp">
      <Filter>Source Files</Filter>
    </ClCompile>
    <ClCompile Include="PlaySound.cpp">
      <Filter>Source Files</Filter>
    </ClCompile>
    <ClCompile Include="SpaceShip.cpp">
      <Filter>Source Files</Filter>
    </ClCompile>
    <ClCompile Include="Factory.cpp">
      <Filter>Source Files</Filter>
    </ClCompile>
    <ClCompile Include="Background.cpp">
      <Filter>Source Files</Filter>
    </ClCompile>
    <ClCompile Include="Spark.cpp">
      <Filter>Source Files</Filter>
    </ClCompile>
    <ClCompile Include="ManageTrais.cpp">
      <Filter>Source Files</Filter>
    </ClCompile>
    <ClCompile Include="Fog.cpp">
      <Filter>Source Files</Filter>
    </ClCompile>
    <ClCompile Include="RelativelyMovingObj.cpp">
      <Filter>Source Files</Filter>
    </ClCompile>
  </ItemGroup>
  <ItemGroup>
    <None Include="images\coints.ai">
      <Filter>Resource Files</Filter>
    </None>
    <None Include="ClassDiagram.cd" />
    <None Include="ClassDiagram1.cd" />
    <None Include="ClassDiagram2.cd" />
  </ItemGroup>
  <ItemGroup>
    <Text Include="Levels.txt" />
    <Text Include="level1.txt" />
    <Text Include="level2.txt" />
    <Text Include="level.txt" />
    <Text Include="level3.txt" />
  </ItemGroup>
  <ItemGroup>
    <Image Include="images\alien.png">
      <Filter>Resource Files</Filter>
    </Image>
    <Image Include="images\tree.png">
      <Filter>Resource Files</Filter>
    </Image>
    <Image Include="images\fruit.png">
      <Filter>Resource Files</Filter>
    </Image>
    <Image Include="images\heart.png">
      <Filter>Resource Files</Filter>
    </Image>
  </ItemGroup>
  <ItemGroup>
    <ResourceCompile Include="OPP2 - Project.rc">
      <Filter>Resource Files</Filter>
    </ResourceCompile>
  </ItemGroup>
</Project>